
Microsoft Visual Studio Solution File, Format Version 12.00
# Visual Studio 2013
VisualStudioVersion = 12.0.21005.1
MinimumVisualStudioVersion = 10.0.40219.1
Project("{FAE04EC0-301F-11D3-BF4B-00C04F79EFBC}") = "NLP", "NLP\NLP.csproj", "{571E6556-AA59-4510-82FF-9DD429AC5D9B}"
EndProject
Project("{FAE04EC0-301F-11D3-BF4B-00C04F79EFBC}") = "Demo", "Demo\Demo.csproj", "{187B13F6-7487-4E93-B9F1-C0B4DC302205}"
EndProject
Global
	GlobalSection(SolutionConfigurationPlatforms) = preSolution
		Debug|Any CPU = Debug|Any CPU
		Release|Any CPU = Release|Any CPU
	EndGlobalSection
	GlobalSection(ProjectConfigurationPlatforms) = postSolution
		{571E6556-AA59-4510-82FF-9DD429AC5D9B}.Debug|Any CPU.ActiveCfg = Debug|Any CPU
		{571E6556-AA59-4510-82FF-9DD429AC5D9B}.Debug|Any CPU.Build.0 = Debug|Any CPU
		{571E6556-AA59-4510-82FF-9DD429AC5D9B}.Release|Any CPU.ActiveCfg = Release|Any CPU
		{571E6556-AA59-4510-82FF-9DD429AC5D9B}.Release|Any CPU.Build.0 = Release|Any CPU
		{187B13F6-7487-4E93-B9F1-C0B4DC302205}.Debug|Any CPU.ActiveCfg = Debug|Any CPU
		{187B13F6-7487-4E93-B9F1-C0B4DC302205}.Debug|Any CPU.Build.0 = Debug|Any CPU
		{187B13F6-7487-4E93-B9F1-C0B4DC302205}.Release|Any CPU.ActiveCfg = Release|Any CPU
		{187B13F6-7487-4E93-B9F1-C0B4DC302205}.Release|Any CPU.Build.0 = Release|Any CPU
	EndGlobalSection
	GlobalSection(SolutionProperties) = preSolution
		HideSolutionNode = FALSE
	EndGlobalSection
EndGlobal
